
Microsoft Visual Studio Solution File, Format Version 12.00
# Visual Studio 14
VisualStudioVersion = 14.0.25420.1
MinimumVisualStudioVersion = 10.0.40219.1
Project("{FAE04EC0-301F-11D3-BF4B-00C04F79EFBC}") = "GeoCoder", "GeoCoder\GeoCoder.csproj", "{52277097-9EBB-453B-90CD-783AFD343974}"
EndProject
Project("{FAE04EC0-301F-11D3-BF4B-00C04F79EFBC}") = "Tests", "Tests\Tests.csproj", "{5D974FCF-B6F0-4FD7-9C46-EB93976A6891}"
EndProject
Global
	GlobalSection(SolutionConfigurationPlatforms) = preSolution
		Debug|Any CPU = Debug|Any CPU
		Release|Any CPU = Release|Any CPU
	EndGlobalSection
	GlobalSection(ProjectConfigurationPlatforms) = postSolution
		{52277097-9EBB-453B-90CD-783AFD343974}.Debug|Any CPU.ActiveCfg = Debug|Any CPU
		{52277097-9EBB-453B-90CD-783AFD343974}.Debug|Any CPU.Build.0 = Debug|Any CPU
		{52277097-9EBB-453B-90CD-783AFD343974}.Release|Any CPU.ActiveCfg = Release|Any CPU
		{52277097-9EBB-453B-90CD-783AFD343974}.Release|Any CPU.Build.0 = Release|Any CPU
		{5D974FCF-B6F0-4FD7-9C46-EB93976A6891}.Debug|Any CPU.ActiveCfg = Debug|Any CPU
		{5D974FCF-B6F0-4FD7-9C46-EB93976A6891}.Debug|Any CPU.Build.0 = Debug|Any CPU
		{5D974FCF-B6F0-4FD7-9C46-EB93976A6891}.Release|Any CPU.ActiveCfg = Release|Any CPU
		{5D974FCF-B6F0-4FD7-9C46-EB93976A6891}.Release|Any CPU.Build.0 = Release|Any CPU
	EndGlobalSection
	GlobalSection(SolutionProperties) = preSolution
		HideSolutionNode = FALSE
	EndGlobalSection
EndGlobal
